// !$*UTF8*$!
{
	archiveVersion = 1;
	classes = {
	};
	objectVersion = 46;
	objects = {

/* Begin PBXBuildFile section */
		5D7F7E0920A0912900064D62 /* KireiShare.podspec in Resources */ = {isa = PBXBuildFile; fileRef = 5D7F7E0820A0912900064D62 /* KireiShare.podspec */; };
		B050BC171B4B63AA00CCA6AC /* AppDelegate.swift in Sources */ = {isa = PBXBuildFile; fileRef = B050BC161B4B63AA00CCA6AC /* AppDelegate.swift */; };
		B050BC191B4B63AA00CCA6AC /* ViewController.swift in Sources */ = {isa = PBXBuildFile; fileRef = B050BC181B4B63AA00CCA6AC /* ViewController.swift */; };
		B050BC1C1B4B63AA00CCA6AC /* Main.storyboard in Resources */ = {isa = PBXBuildFile; fileRef = B050BC1A1B4B63AA00CCA6AC /* Main.storyboard */; };
		B050BC211B4B63AA00CCA6AC /* LaunchScreen.xib in Resources */ = {isa = PBXBuildFile; fileRef = B050BC1F1B4B63AA00CCA6AC /* LaunchScreen.xib */; };
		B050BC2D1B4B63AA00CCA6AC /* KireiShareTests.swift in Sources */ = {isa = PBXBuildFile; fileRef = B050BC2C1B4B63AA00CCA6AC /* KireiShareTests.swift */; };
		B050BC381B4B63E200CCA6AC /* UIViewEx.swift in Sources */ = {isa = PBXBuildFile; fileRef = B050BC371B4B63E200CCA6AC /* UIViewEx.swift */; };
		B050BC3A1B4B640D00CCA6AC /* KireiShareView.swift in Sources */ = {isa = PBXBuildFile; fileRef = B050BC391B4B640D00CCA6AC /* KireiShareView.swift */; };
		B09E53261B4D19E2009EE655 /* UIVIewControllerEx.swift in Sources */ = {isa = PBXBuildFile; fileRef = B09E53251B4D19E2009EE655 /* UIVIewControllerEx.swift */; };
		B0D5659A1B4B942E00450137 /* KireiShareView+Action.swift in Sources */ = {isa = PBXBuildFile; fileRef = B0D565991B4B942E00450137 /* KireiShareView+Action.swift */; };
		B0D5659E1B4BC00800450137 /* NSTimerEx.swift in Sources */ = {isa = PBXBuildFile; fileRef = B0D5659D1B4BC00800450137 /* NSTimerEx.swift */; };
		B0D565A01B4BCD7C00450137 /* Images.xcassets in Resources */ = {isa = PBXBuildFile; fileRef = B0D5659F1B4BCD7C00450137 /* Images.xcassets */; };
/* End PBXBuildFile section */

/* Begin PBXContainerItemProxy section */
		B050BC271B4B63AA00CCA6AC /* PBXContainerItemProxy */ = {
			isa = PBXContainerItemProxy;
			containerPortal = B050BC091B4B63AA00CCA6AC /* Project object */;
			proxyType = 1;
			remoteGlobalIDString = B050BC101B4B63AA00CCA6AC;
			remoteInfo = KireiShare;
		};
/* End PBXContainerItemProxy section */

/* Begin PBXFileReference section */
		5D7F7E0820A0912900064D62 /* KireiShare.podspec */ = {isa = PBXFileReference; fileEncoding = 4; lastKnownFileType = text; path = KireiShare.podspec; sourceTree = "<group>"; };
		B050BC111B4B63AA00CCA6AC /* KireiShare.app */ = {isa = PBXFileReference; explicitFileType = wrapper.application; includeInIndex = 0; path = KireiShare.app; sourceTree = BUILT_PRODUCTS_DIR; };
		B050BC151B4B63AA00CCA6AC /* Info.plist */ = {isa = PBXFileReference; lastKnownFileType = text.plist.xml; path = Info.plist; sourceTree = "<group>"; };
		B050BC161B4B63AA00CCA6AC /* AppDelegate.swift */ = {isa = PBXFileReference; lastKnownFileType = sourcecode.swift; path = AppDelegate.swift; sourceTree = "<group>"; };
		B050BC181B4B63AA00CCA6AC /* ViewController.swift */ = {isa = PBXFileReference; lastKnownFileType = sourcecode.swift; path = ViewController.swift; sourceTree = "<group>"; };
		B050BC1B1B4B63AA00CCA6AC /* Base */ = {isa = PBXFileReference; lastKnownFileType = file.storyboard; name = Base; path = Base.lproj/Main.storyboard; sourceTree = "<group>"; };
		B050BC201B4B63AA00CCA6AC /* Base */ = {isa = PBXFileReference; lastKnownFileType = file.xib; name = Base; path = Base.lproj/LaunchScreen.xib; sourceTree = "<group>"; };
		B050BC261B4B63AA00CCA6AC /* KireiShareTests.xctest */ = {isa = PBXFileReference; explicitFileType = wrapper.cfbundle; includeInIndex = 0; path = KireiShareTests.xctest; sourceTree = BUILT_PRODUCTS_DIR; };
		B050BC2B1B4B63AA00CCA6AC /* Info.plist */ = {isa = PBXFileReference; lastKnownFileType = text.plist.xml; path = Info.plist; sourceTree = "<group>"; };
		B050BC2C1B4B63AA00CCA6AC /* KireiShareTests.swift */ = {isa = PBXFileReference; lastKnownFileType = sourcecode.swift; path = KireiShareTests.swift; sourceTree = "<group>"; };
		B050BC371B4B63E200CCA6AC /* UIViewEx.swift */ = {isa = PBXFileReference; fileEncoding = 4; lastKnownFileType = sourcecode.swift; path = UIViewEx.swift; sourceTree = "<group>"; };
		B050BC391B4B640D00CCA6AC /* KireiShareView.swift */ = {isa = PBXFileReference; fileEncoding = 4; lastKnownFileType = sourcecode.swift; path = KireiShareView.swift; sourceTree = "<group>"; };
		B09E53251B4D19E2009EE655 /* UIVIewControllerEx.swift */ = {isa = PBXFileReference; fileEncoding = 4; lastKnownFileType = sourcecode.swift; path = UIVIewControllerEx.swift; sourceTree = "<group>"; };
		B0D565991B4B942E00450137 /* KireiShareView+Action.swift */ = {isa = PBXFileReference; fileEncoding = 4; lastKnownFileType = sourcecode.swift; path = "KireiShareView+Action.swift"; sourceTree = "<group>"; };
		B0D5659D1B4BC00800450137 /* NSTimerEx.swift */ = {isa = PBXFileReference; fileEncoding = 4; lastKnownFileType = sourcecode.swift; path = NSTimerEx.swift; sourceTree = "<group>"; };
		B0D5659F1B4BCD7C00450137 /* Images.xcassets */ = {isa = PBXFileReference; lastKnownFileType = folder.assetcatalog; path = Images.xcassets; sourceTree = "<group>"; };
/* End PBXFileReference section */

/* Begin PBXFrameworksBuildPhase section */
		B050BC0E1B4B63AA00CCA6AC /* Frameworks */ = {
			isa = PBXFrameworksBuildPhase;
			buildActionMask = 2147483647;
			files = (
			);
			runOnlyForDeploymentPostprocessing = 0;
		};
		B050BC231B4B63AA00CCA6AC /* Frameworks */ = {
			isa = PBXFrameworksBuildPhase;
			buildActionMask = 2147483647;
			files = (
			);
			runOnlyForDeploymentPostprocessing = 0;
		};
/* End PBXFrameworksBuildPhase section */

/* Begin PBXGroup section */
		5D7F7E0720A087DF00064D62 /* Supporting Files */ = {
			isa = PBXGroup;
			children = (
				B0D565991B4B942E00450137 /* KireiShareView+Action.swift */,
				B0D5659D1B4BC00800450137 /* NSTimerEx.swift */,
				B050BC371B4B63E200CCA6AC /* UIViewEx.swift */,
				B09E53251B4D19E2009EE655 /* UIVIewControllerEx.swift */,
			);
			path = "Supporting Files";
			sourceTree = "<group>";
		};
		B050BC081B4B63AA00CCA6AC = {
			isa = PBXGroup;
			children = (
				5D7F7E0820A0912900064D62 /* KireiShare.podspec */,
				B050BC361B4B63B900CCA6AC /* Classes */,
				B050BC131B4B63AA00CCA6AC /* KireiShare */,
				B050BC291B4B63AA00CCA6AC /* KireiShareTests */,
				B050BC121B4B63AA00CCA6AC /* Products */,
			);
			sourceTree = "<group>";
		};
		B050BC121B4B63AA00CCA6AC /* Products */ = {
			isa = PBXGroup;
			children = (
				B050BC111B4B63AA00CCA6AC /* KireiShare.app */,
				B050BC261B4B63AA00CCA6AC /* KireiShareTests.xctest */,
			);
			name = Products;
			sourceTree = "<group>";
		};
		B050BC131B4B63AA00CCA6AC /* KireiShare */ = {
			isa = PBXGroup;
			children = (
				B050BC161B4B63AA00CCA6AC /* AppDelegate.swift */,
				B050BC181B4B63AA00CCA6AC /* ViewController.swift */,
				B050BC1A1B4B63AA00CCA6AC /* Main.storyboard */,
				B050BC1F1B4B63AA00CCA6AC /* LaunchScreen.xib */,
				B050BC141B4B63AA00CCA6AC /* Supporting Files */,
			);
			path = KireiShare;
			sourceTree = "<group>";
		};
		B050BC141B4B63AA00CCA6AC /* Supporting Files */ = {
			isa = PBXGroup;
			children = (
				B050BC151B4B63AA00CCA6AC /* Info.plist */,
			);
			name = "Supporting Files";
			sourceTree = "<group>";
		};
		B050BC291B4B63AA00CCA6AC /* KireiShareTests */ = {
			isa = PBXGroup;
			children = (
				B050BC2C1B4B63AA00CCA6AC /* KireiShareTests.swift */,
				B050BC2A1B4B63AA00CCA6AC /* Supporting Files */,
			);
			path = KireiShareTests;
			sourceTree = "<group>";
		};
		B050BC2A1B4B63AA00CCA6AC /* Supporting Files */ = {
			isa = PBXGroup;
			children = (
				B050BC2B1B4B63AA00CCA6AC /* Info.plist */,
			);
			name = "Supporting Files";
			sourceTree = "<group>";
		};
		B050BC361B4B63B900CCA6AC /* Classes */ = {
			isa = PBXGroup;
			children = (
				B050BC391B4B640D00CCA6AC /* KireiShareView.swift */,
				5D7F7E0720A087DF00064D62 /* Supporting Files */,
				B0D5659F1B4BCD7C00450137 /* Images.xcassets */,
			);
			name = Classes;
			path = KireiShare/Classes;
			sourceTree = "<group>";
		};
/* End PBXGroup section */

/* Begin PBXNativeTarget section */
		B050BC101B4B63AA00CCA6AC /* KireiShare */ = {
			isa = PBXNativeTarget;
			buildConfigurationList = B050BC301B4B63AA00CCA6AC /* Build configuration list for PBXNativeTarget "KireiShare" */;
			buildPhases = (
				B050BC0D1B4B63AA00CCA6AC /* Sources */,
				B050BC0E1B4B63AA00CCA6AC /* Frameworks */,
				B050BC0F1B4B63AA00CCA6AC /* Resources */,
			);
			buildRules = (
			);
			dependencies = (
			);
			name = KireiShare;
			productName = KireiShare;
			productReference = B050BC111B4B63AA00CCA6AC /* KireiShare.app */;
			productType = "com.apple.product-type.application";
		};
		B050BC251B4B63AA00CCA6AC /* KireiShareTests */ = {
			isa = PBXNativeTarget;
			buildConfigurationList = B050BC331B4B63AA00CCA6AC /* Build configuration list for PBXNativeTarget "KireiShareTests" */;
			buildPhases = (
				B050BC221B4B63AA00CCA6AC /* Sources */,
				B050BC231B4B63AA00CCA6AC /* Frameworks */,
				B050BC241B4B63AA00CCA6AC /* Resources */,
			);
			buildRules = (
			);
			dependencies = (
				B050BC281B4B63AA00CCA6AC /* PBXTargetDependency */,
			);
			name = KireiShareTests;
			productName = KireiShareTests;
			productReference = B050BC261B4B63AA00CCA6AC /* KireiShareTests.xctest */;
			productType = "com.apple.product-type.bundle.unit-test";
		};
/* End PBXNativeTarget section */

/* Begin PBXProject section */
		B050BC091B4B63AA00CCA6AC /* Project object */ = {
			isa = PBXProject;
			attributes = {
				LastSwiftMigration = 0730;
				LastSwiftUpdateCheck = 0730;
				LastUpgradeCheck = 0930;
				ORGANIZATIONNAME = Uniface;
				TargetAttributes = {
					B050BC101B4B63AA00CCA6AC = {
						CreatedOnToolsVersion = 6.4;
						DevelopmentTeam = 3HE43VYD2Y;
					};
					B050BC251B4B63AA00CCA6AC = {
						CreatedOnToolsVersion = 6.4;
						TestTargetID = B050BC101B4B63AA00CCA6AC;
					};
				};
			};
			buildConfigurationList = B050BC0C1B4B63AA00CCA6AC /* Build configuration list for PBXProject "KireiShare" */;
			compatibilityVersion = "Xcode 3.2";
			developmentRegion = English;
			hasScannedForEncodings = 0;
			knownRegions = (
				en,
				Base,
			);
			mainGroup = B050BC081B4B63AA00CCA6AC;
			productRefGroup = B050BC121B4B63AA00CCA6AC /* Products */;
			projectDirPath = "";
			projectRoot = "";
			targets = (
				B050BC101B4B63AA00CCA6AC /* KireiShare */,
				B050BC251B4B63AA00CCA6AC /* KireiShareTests */,
			);
		};
/* End PBXProject section */

/* Begin PBXResourcesBuildPhase section */
		B050BC0F1B4B63AA00CCA6AC /* Resources */ = {
			isa = PBXResourcesBuildPhase;
			buildActionMask = 2147483647;
			files = (
				B0D565A01B4BCD7C00450137 /* Images.xcassets in Resources */,
				5D7F7E0920A0912900064D62 /* KireiShare.podspec in Resources */,
				B050BC1C1B4B63AA00CCA6AC /* Main.storyboard in Resources */,
				B050BC211B4B63AA00CCA6AC /* LaunchScreen.xib in Resources */,
			);
			runOnlyForDeploymentPostprocessing = 0;
		};
		B050BC241B4B63AA00CCA6AC /* Resources */ = {
			isa = PBXResourcesBuildPhase;
			buildActionMask = 2147483647;
			files = (
			);
			runOnlyForDeploymentPostprocessing = 0;
		};
/* End PBXResourcesBuildPhase section */

/* Begin PBXSourcesBuildPhase section */
		B050BC0D1B4B63AA00CCA6AC /* Sources */ = {
			isa = PBXSourcesBuildPhase;
			buildActionMask = 2147483647;
			files = (
				B09E53261B4D19E2009EE655 /* UIVIewControllerEx.swift in Sources */,
				B050BC191B4B63AA00CCA6AC /* ViewController.swift in Sources */,
				B0D5659A1B4B942E00450137 /* KireiShareView+Action.swift in Sources */,
				B050BC3A1B4B640D00CCA6AC /* KireiShareView.swift in Sources */,
				B050BC171B4B63AA00CCA6AC /* AppDelegate.swift in Sources */,
				B0D5659E1B4BC00800450137 /* NSTimerEx.swift in Sources */,
				B050BC381B4B63E200CCA6AC /* UIViewEx.swift in Sources */,
			);
			runOnlyForDeploymentPostprocessing = 0;
		};
		B050BC221B4B63AA00CCA6AC /* Sources */ = {
			isa = PBXSourcesBuildPhase;
			buildActionMask = 2147483647;
			files = (
				B050BC2D1B4B63AA00CCA6AC /* KireiShareTests.swift in Sources */,
			);
			runOnlyForDeploymentPostprocessing = 0;
		};
/* End PBXSourcesBuildPhase section */

/* Begin PBXTargetDependency section */
		B050BC281B4B63AA00CCA6AC /* PBXTargetDependency */ = {
			isa = PBXTargetDependency;
			target = B050BC101B4B63AA00CCA6AC /* KireiShare */;
			targetProxy = B050BC271B4B63AA00CCA6AC /* PBXContainerItemProxy */;
		};
/* End PBXTargetDependency section */

/* Begin PBXVariantGroup section */
		B050BC1A1B4B63AA00CCA6AC /* Main.storyboard */ = {
			isa = PBXVariantGroup;
			children = (
				B050BC1B1B4B63AA00CCA6AC /* Base */,
			);
			name = Main.storyboard;
			sourceTree = "<group>";
		};
		B050BC1F1B4B63AA00CCA6AC /* LaunchScreen.xib */ = {
			isa = PBXVariantGroup;
			children = (
				B050BC201B4B63AA00CCA6AC /* Base */,
			);
			name = LaunchScreen.xib;
			sourceTree = "<group>";
		};
/* End PBXVariantGroup section */

/* Begin XCBuildConfiguration section */
		B050BC2E1B4B63AA00CCA6AC /* Debug */ = {
			isa = XCBuildConfiguration;
			buildSettings = {
				ALWAYS_SEARCH_USER_PATHS = NO;
				CLANG_CXX_LANGUAGE_STANDARD = "gnu++0x";
				CLANG_CXX_LIBRARY = "libc++";
				CLANG_ENABLE_MODULES = YES;
				CLANG_ENABLE_OBJC_ARC = YES;
				CLANG_WARN_BLOCK_CAPTURE_AUTORELEASING = YES;
				CLANG_WARN_BOOL_CONVERSION = YES;
				CLANG_WARN_COMMA = YES;
				CLANG_WARN_CONSTANT_CONVERSION = YES;
				CLANG_WARN_DEPRECATED_OBJC_IMPLEMENTATIONS = YES;
				CLANG_WARN_DIRECT_OBJC_ISA_USAGE = YES_ERROR;
				CLANG_WARN_EMPTY_BODY = YES;
				CLANG_WARN_ENUM_CONVERSION = YES;
				CLANG_WARN_INFINITE_RECURSION = YES;
				CLANG_WARN_INT_CONVERSION = YES;
				CLANG_WARN_NON_LITERAL_NULL_CONVERSION = YES;
				CLANG_WARN_OBJC_IMPLICIT_RETAIN_SELF = YES;
				CLANG_WARN_OBJC_LITERAL_CONVERSION = YES;
				CLANG_WARN_OBJC_ROOT_CLASS = YES_ERROR;
				CLANG_WARN_RANGE_LOOP_ANALYSIS = YES;
				CLANG_WARN_STRICT_PROTOTYPES = YES;
				CLANG_WARN_SUSPICIOUS_MOVE = YES;
				CLANG_WARN_UNREACHABLE_CODE = YES;
				CLANG_WARN__DUPLICATE_METHOD_MATCH = YES;
				"CODE_SIGN_IDENTITY[sdk=iphoneos*]" = "iPhone Developer";
				COPY_PHASE_STRIP = NO;
				DEBUG_INFORMATION_FORMAT = "dwarf-with-dsym";
				ENABLE_STRICT_OBJC_MSGSEND = YES;
				ENABLE_TESTABILITY = YES;
				GCC_C_LANGUAGE_STANDARD = gnu99;
				GCC_DYNAMIC_NO_PIC = NO;
				GCC_NO_COMMON_BLOCKS = YES;
				GCC_OPTIMIZATION_LEVEL = 0;
				GCC_PREPROCESSOR_DEFINITIONS = (
					"DEBUG=1",
					"$(inherited)",
				);
				GCC_SYMBOLS_PRIVATE_EXTERN = NO;
				GCC_WARN_64_TO_32_BIT_CONVERSION = YES;
				GCC_WARN_ABOUT_RETURN_TYPE = YES_ERROR;
				GCC_WARN_UNDECLARED_SELECTOR = YES;
				GCC_WARN_UNINITIALIZED_AUTOS = YES_AGGRESSIVE;
				GCC_WARN_UNUSED_FUNCTION = YES;
				GCC_WARN_UNUSED_VARIABLE = YES;
				IPHONEOS_DEPLOYMENT_TARGET = 8.4;
				MTL_ENABLE_DEBUG_INFO = YES;
				ONLY_ACTIVE_ARCH = YES;
				SDKROOT = iphoneos;
				SWIFT_OPTIMIZATION_LEVEL = "-Onone";
				SWIFT_VERSION = 4.0;
				TARGETED_DEVICE_FAMILY = "1,2";
			};
			name = Debug;
		};
		B050BC2F1B4B63AA00CCA6AC /* Release */ = {
			isa = XCBuildConfiguration;
			buildSettings = {
				ALWAYS_SEARCH_USER_PATHS = NO;
				CLANG_CXX_LANGUAGE_STANDARD = "gnu++0x";
				CLANG_CXX_LIBRARY = "libc++";
				CLANG_ENABLE_MODULES = YES;
				CLANG_ENABLE_OBJC_ARC = YES;
				CLANG_WARN_BLOCK_CAPTURE_AUTORELEASING = YES;
				CLANG_WARN_BOOL_CONVERSION = YES;
				CLANG_WARN_COMMA = YES;
				CLANG_WARN_CONSTANT_CONVERSION = YES;
				CLANG_WARN_DEPRECATED_OBJC_IMPLEMENTATIONS = YES;
				CLANG_WARN_DIRECT_OBJC_ISA_USAGE = YES_ERROR;
				CLANG_WARN_EMPTY_BODY = YES;
				CLANG_WARN_ENUM_CONVERSION = YES;
				CLANG_WARN_INFINITE_RECURSION = YES;
				CLANG_WARN_INT_CONVERSION = YES;
				CLANG_WARN_NON_LITERAL_NULL_CONVERSION = YES;
				CLANG_WARN_OBJC_IMPLICIT_RETAIN_SELF = YES;
				CLANG_WARN_OBJC_LITERAL_CONVERSION = YES;
				CLANG_WARN_OBJC_ROOT_CLASS = YES_ERROR;
				CLANG_WARN_RANGE_LOOP_ANALYSIS = YES;
				CLANG_WARN_STRICT_PROTOTYPES = YES;
				CLANG_WARN_SUSPICIOUS_MOVE = YES;
				CLANG_WARN_UNREACHABLE_CODE = YES;
				CLANG_WARN__DUPLICATE_METHOD_MATCH = YES;
				"CODE_SIGN_IDENTITY[sdk=iphoneos*]" = "iPhone Developer";
				COPY_PHASE_STRIP = NO;
				DEBUG_INFORMATION_FORMAT = "dwarf-with-dsym";
				ENABLE_NS_ASSERTIONS = NO;
				ENABLE_STRICT_OBJC_MSGSEND = YES;
				GCC_C_LANGUAGE_STANDARD = gnu99;
				GCC_NO_COMMON_BLOCKS = YES;
				GCC_WARN_64_TO_32_BIT_CONVERSION = YES;
				GCC_WARN_ABOUT_RETURN_TYPE = YES_ERROR;
				GCC_WARN_UNDECLARED_SELECTOR = YES;
				GCC_WARN_UNINITIALIZED_AUTOS = YES_AGGRESSIVE;
				GCC_WARN_UNUSED_FUNCTION = YES;
				GCC_WARN_UNUSED_VARIABLE = YES;
				IPHONEOS_DEPLOYMENT_TARGET = 8.4;
				MTL_ENABLE_DEBUG_INFO = NO;
				SDKROOT = iphoneos;
				SWIFT_OPTIMIZATION_LEVEL = "-Owholemodule";
				SWIFT_VERSION = 4.0;
				TARGETED_DEVICE_FAMILY = "1,2";
				VALIDATE_PRODUCT = YES;
			};
			name = Release;
		};
		B050BC311B4B63AA00CCA6AC /* Debug */ = {
			isa = XCBuildConfiguration;
			buildSettings = {
				ASSETCATALOG_COMPILER_APPICON_NAME = AppIcon;
				DEVELOPMENT_TEAM = 3HE43VYD2Y;
				INFOPLIST_FILE = KireiShare/Info.plist;
				LD_RUNPATH_SEARCH_PATHS = "$(inherited) @executable_path/Frameworks";
				PRODUCT_BUNDLE_IDENTIFIER = "com.twitter.tk-365.$(PRODUCT_NAME:rfc1034identifier)";
				PRODUCT_NAME = "$(TARGET_NAME)";
			};
			name = Debug;
		};
		B050BC321B4B63AA00CCA6AC /* Release */ = {
			isa = XCBuildConfiguration;
			buildSettings = {
				ASSETCATALOG_COMPILER_APPICON_NAME = AppIcon;
				DEVELOPMENT_TEAM = 3HE43VYD2Y;
				INFOPLIST_FILE = KireiShare/Info.plist;
				LD_RUNPATH_SEARCH_PATHS = "$(inherited) @executable_path/Frameworks";
				PRODUCT_BUNDLE_IDENTIFIER = "com.twitter.tk-365.$(PRODUCT_NAME:rfc1034identifier)";
				PRODUCT_NAME = "$(TARGET_NAME)";
			};
			name = Release;
		};
		B050BC341B4B63AA00CCA6AC /* Debug */ = {
			isa = XCBuildConfiguration;
			buildSettings = {
				BUNDLE_LOADER = "$(TEST_HOST)";
				FRAMEWORK_SEARCH_PATHS = (
					"$(SDKROOT)/Developer/Library/Frameworks",
					"$(inherited)",
				);
				GCC_PREPROCESSOR_DEFINITIONS = (
					"DEBUG=1",
					"$(inherited)",
				);
				INFOPLIST_FILE = KireiShareTests/Info.plist;
				LD_RUNPATH_SEARCH_PATHS = "$(inherited) @executable_path/Frameworks @loader_path/Frameworks";
				PRODUCT_BUNDLE_IDENTIFIER = "com.twitter.tk-365.$(PRODUCT_NAME:rfc1034identifier)";
				PRODUCT_NAME = "$(TARGET_NAME)";
				TEST_HOST = "$(BUILT_PRODUCTS_DIR)/KireiShare.app/KireiShare";
			};
			name = Debug;
		};
		B050BC351B4B63AA00CCA6AC /* Release */ = {
			isa = XCBuildConfiguration;
			buildSettings = {
				BUNDLE_LOADER = "$(TEST_HOST)";
				FRAMEWORK_SEARCH_PATHS = (
					"$(SDKROOT)/Developer/Library/Frameworks",
					"$(inherited)",
				);
				INFOPLIST_FILE = KireiShareTests/Info.plist;
				LD_RUNPATH_SEARCH_PATHS = "$(inherited) @executable_path/Frameworks @loader_path/Frameworks";
				PRODUCT_BUNDLE_IDENTIFIER = "com.twitter.tk-365.$(PRODUCT_NAME:rfc1034identifier)";
				PRODUCT_NAME = "$(TARGET_NAME)";
				TEST_HOST = "$(BUILT_PRODUCTS_DIR)/KireiShare.app/KireiShare";
			};
			name = Release;
		};
/* End XCBuildConfiguration section */

/* Begin XCConfigurationList section */
		B050BC0C1B4B63AA00CCA6AC /* Build configuration list for PBXProject "KireiShare" */ = {
			isa = XCConfigurationList;
			buildConfigurations = (
				B050BC2E1B4B63AA00CCA6AC /* Debug */,
				B050BC2F1B4B63AA00CCA6AC /* Release */,
			);
			defaultConfigurationIsVisible = 0;
			defaultConfigurationName = Release;
		};
		B050BC301B4B63AA00CCA6AC /* Build configuration list for PBXNativeTarget "KireiShare" */ = {
			isa = XCConfigurationList;
			buildConfigurations = (
				B050BC311B4B63AA00CCA6AC /* Debug */,
				B050BC321B4B63AA00CCA6AC /* Release */,
			);
			defaultConfigurationIsVisible = 0;
			defaultConfigurationName = Release;
		};
		B050BC331B4B63AA00CCA6AC /* Build configuration list for PBXNativeTarget "KireiShareTests" */ = {
			isa = XCConfigurationList;
			buildConfigurations = (
				B050BC341B4B63AA00CCA6AC /* Debug */,
				B050BC351B4B63AA00CCA6AC /* Release */,
			);
			defaultConfigurationIsVisible = 0;
			defaultConfigurationName = Release;
		};
/* End XCConfigurationList section */
	};
	rootObject = B050BC091B4B63AA00CCA6AC /* Project object */;
}
